// !$*UTF8*$!
{
	archiveVersion = 1;
	classes = {
	};
	objectVersion = 56;
	objects = {
		EF6E575659BCF44ECB8DA7E1 /* SourceDesk.app */ = {isa = PBXFileReference; explicitFileType = wrapper.application; includeInIndex = 0; path = SourceDesk.app; sourceTree = BUILT_PRODUCTS_DIR; };
		1D7BCEB7A84D81271432542F /* SourceDeskTests.xctest */ = {isa = PBXFileReference; explicitFileType = wrapper.cfbundle; includeInIndex = 0; path = SourceDeskTests.xctest; sourceTree = BUILT_PRODUCTS_DIR; };

/* Begin PBXGroup section */
		EC6AE75C017423A0C5A951A8 = {
			isa = PBXGroup;
			children = (
				E6C2DC253457C62233149562 /* SourceDesk */,
				72CC7FFE2E592E6B039498C9 /* SourceDeskTests */,
				942A9A1A63793D61082FFAA8 /* Products */,
			);
			sourceTree = "<group>";
		};
		E6C2DC253457C62233149562 = {
			isa = PBXGroup;
			children = (

			);
			path = SourceDesk;
			sourceTree = "<group>";
		};
		72CC7FFE2E592E6B039498C9 = {
			isa = PBXGroup;
			children = (

			);
			path = SourceDeskTests;
			sourceTree = "<group>";
		};
		942A9A1A63793D61082FFAA8 = {
			isa = PBXGroup;
			children = (
				EF6E575659BCF44ECB8DA7E1 /* SourceDesk.app */,
				1D7BCEB7A84D81271432542F /* SourceDeskTests.xctest */,
			);
			name = Products;
			sourceTree = "<group>";
		};
/* End PBXGroup section */

/* Begin PBXSourcesBuildPhase section */
		C145083382EF1E32B00CB4AA /* Sources */ = {
			isa = PBXSourcesBuildPhase;
			buildActionMask = 2147483647;
			files = (

			);
			runOnlyForDeploymentPostprocessing = 0;
		};
		5D16BA42FA4DDC35F92BA89F /* Sources */ = {
			isa = PBXSourcesBuildPhase;
			buildActionMask = 2147483647;
			files = (

			);
			runOnlyForDeploymentPostprocessing = 0;
		};
/* End PBXSourcesBuildPhase section */
/* Begin PBXFrameworksBuildPhase section */
		26855CADF4FF8D326E9F1822 /* Frameworks */ = {
			isa = PBXFrameworksBuildPhase;
			buildActionMask = 2147483647;
			files = (
			);
			runOnlyForDeploymentPostprocessing = 0;
		};
		3181FDAFCEA5A229E181564F /* Frameworks */ = {
			isa = PBXFrameworksBuildPhase;
			buildActionMask = 2147483647;
			files = (
			);
			runOnlyForDeploymentPostprocessing = 0;
		};
/* End PBXFrameworksBuildPhase section */
/* Begin PBXResourcesBuildPhase section */
		3AF54B037AC780B894A864AA /* Resources */ = {
			isa = PBXResourcesBuildPhase;
			buildActionMask = 2147483647;
			files = (
			);
			runOnlyForDeploymentPostprocessing = 0;
		};
/* End PBXResourcesBuildPhase section */

/* Begin PBXNativeTarget section */
		CB7FAE16F6AA6B12C280B0E1 /* SourceDesk */ = {
			isa = PBXNativeTarget;
			buildConfigurationList = 89A54E574C190A4ED4D1717C /* Build configuration list for PBXNativeTarget "SourceDesk" */;
			buildPhases = (
				C145083382EF1E32B00CB4AA /* Sources */,
				26855CADF4FF8D326E9F1822 /* Frameworks */,
				3AF54B037AC780B894A864AA /* Resources */,
			);
			buildRules = (
			);
			dependencies = (
			);
			name = SourceDesk;
			productName = SourceDesk;
			productReference = EF6E575659BCF44ECB8DA7E1 /* SourceDesk.app */;
			productType = "com.apple.product-type.application";
		};
		8266701F217A1B009BE1824A /* SourceDeskTests */ = {
			isa = PBXNativeTarget;
			buildConfigurationList = 71DFB675BA78ECAE30626378 /* Build configuration list for PBXNativeTarget "SourceDeskTests" */;
			buildPhases = (
				5D16BA42FA4DDC35F92BA89F /* Sources */,
				3181FDAFCEA5A229E181564F /* Frameworks */,
			);
			buildRules = (
			);
			dependencies = (
			);
			name = SourceDeskTests;
			productName = SourceDeskTests;
			productReference = 1D7BCEB7A84D81271432542F /* SourceDeskTests.xctest */;
			productType = "com.apple.product-type.bundle.unit-test";
		};
/* End PBXNativeTarget section */

/* Begin PBXProject section */
		244210E48437B6556980A702 /* Project object */ = {
			isa = PBXProject;
			attributes = {
				BuildIndependentTargetsInParallel = 1;
				LastSwiftUpdateCheck = 1600;
				LastUpgradeCheck = 1600;
				TargetAttributes = {
					CB7FAE16F6AA6B12C280B0E1 = {
						CreatedOnToolsVersion = 16.0;
					};
					8266701F217A1B009BE1824A = {
						CreatedOnToolsVersion = 16.0;
					};
				};
			};
			buildConfigurationList = 461CD6BF02EFBF460B588CEF /* Build configuration list for PBXProject "SourceDesk" */;
			compatibilityVersion = "Xcode 14.0";
			developmentRegion = en;
			hasScannedForEncodings = 0;
			knownRegions = (
				en,
				Base,
			);
			mainGroup = EC6AE75C017423A0C5A951A8;
			productRefGroup = 942A9A1A63793D61082FFAA8 /* Products */;
			projectDirPath = "";
			projectRoot = "";
			targets = (
				CB7FAE16F6AA6B12C280B0E1 /* SourceDesk */,
				8266701F217A1B009BE1824A /* SourceDeskTests */,
			);
		};
/* End PBXProject section */

/* Begin XCBuildConfiguration section */
		0B96469FD556097F19521106 /* Debug */ = {
			isa = XCBuildConfiguration;
			buildSettings = {
				CODE_SIGN_STYLE = Automatic;
				CURRENT_PROJECT_VERSION = 1;
				GENERATE_INFOPLIST_FILE = YES;
				INFOPLIST_KEY_CFBundleDisplayName = SourceDesk;
				INFOPLIST_KEY_LSApplicationCategoryType = public.app-category.productivity;
				INFOPLIST_KEY_NSHumanReadableCopyright = ;
				MACOSX_DEPLOYMENT_TARGET = 14.0;
				MARKETING_VERSION = 1.0;
				PRODUCT_BUNDLE_IDENTIFIER = com.sourcedesk.app;
				PRODUCT_NAME = $(TARGET_NAME);
				SWIFT_EMIT_LOC_STRINGS = YES;
				SWIFT_VERSION = 5.0;
				ENABLE_HARDENED_RUNTIME = YES;
			};
			name = Debug;
		};
		C3788135F68C96A458F5CB04 /* Release */ = {
			isa = XCBuildConfiguration;
			buildSettings = {
				CODE_SIGN_STYLE = Automatic;
				CURRENT_PROJECT_VERSION = 1;
				GENERATE_INFOPLIST_FILE = YES;
				INFOPLIST_KEY_CFBundleDisplayName = SourceDesk;
				INFOPLIST_KEY_LSApplicationCategoryType = public.app-category.productivity;
				INFOPLIST_KEY_NSHumanReadableCopyright = ;
				MACOSX_DEPLOYMENT_TARGET = 14.0;
				MARKETING_VERSION = 1.0;
				PRODUCT_BUNDLE_IDENTIFIER = com.sourcedesk.app;
				PRODUCT_NAME = $(TARGET_NAME);
				SWIFT_EMIT_LOC_STRINGS = YES;
				SWIFT_VERSION = 5.0;
				ENABLE_HARDENED_RUNTIME = YES;
				SWIFT_COMPILATION_MODE = wholemodule;
			};
			name = Release;
		};
		8A80AAAD65A4A2658F4E3401 /* Debug */ = {
			isa = XCBuildConfiguration;
			buildSettings = {
				BUNDLE_LOADER = $(TEST_HOST);
				CODE_SIGN_STYLE = Automatic;
				CURRENT_PROJECT_VERSION = 1;
				GENERATE_INFOPLIST_FILE = YES;
				MACOSX_DEPLOYMENT_TARGET = 14.0;
				MARKETING_VERSION = 1.0;
				PRODUCT_BUNDLE_IDENTIFIER = com.sourcedesk.app.tests;
				PRODUCT_NAME = $(TARGET_NAME);
				SWIFT_VERSION = 5.0;
				TEST_HOST = $(BUILT_PRODUCTS_DIR)/SourceDesk.app/Contents/MacOS/SourceDesk;
			};
			name = Debug;
		};
		C718D353E35772339F38762B /* Release */ = {
			isa = XCBuildConfiguration;
			buildSettings = {
				BUNDLE_LOADER = $(TEST_HOST);
				CODE_SIGN_STYLE = Automatic;
				CURRENT_PROJECT_VERSION = 1;
				GENERATE_INFOPLIST_FILE = YES;
				MACOSX_DEPLOYMENT_TARGET = 14.0;
				MARKETING_VERSION = 1.0;
				PRODUCT_BUNDLE_IDENTIFIER = com.sourcedesk.app.tests;
				PRODUCT_NAME = $(TARGET_NAME);
				SWIFT_VERSION = 5.0;
				TEST_HOST = $(BUILT_PRODUCTS_DIR)/SourceDesk.app/Contents/MacOS/SourceDesk;
				SWIFT_COMPILATION_MODE = wholemodule;
			};
			name = Release;
		};
		497E268CAC34DA7452AD9D27 /* Debug */ = {
			isa = XCBuildConfiguration;
			buildSettings = {
				ALWAYS_SEARCH_USER_PATHS = NO;
				ASSETCATALOG_COMPILER_GENERATE_SWIFT_ASSET_SYMBOL_EXTENSIONS = YES;
				CLANG_ANALYZER_NONNULL = YES;
				CLANG_ENABLE_MODULES = YES;
				CLANG_ENABLE_OBJC_ARC = YES;
				COPY_PHASE_STRIP = NO;
				DEBUG_INFORMATION_FORMAT = dwarf;
				ENABLE_STRICT_OBJC_MSGSEND = YES;
				ENABLE_TESTABILITY = YES;
				ENABLE_USER_SCRIPT_SANDBOXING = YES;
				GCC_C_LANGUAGE_STANDARD = gnu17;
				GCC_DYNAMIC_NO_PIC = NO;
				GCC_NO_COMMON_BLOCKS = YES;
				GCC_OPTIMIZATION_LEVEL = 0;
				GCC_PREPROCESSOR_DEFINITIONS = "DEBUG=1", $(inherited),;
				LOCALIZATION_PREFERS_STRING_CATALOGS = YES;
				MTL_ENABLE_DEBUG_INFO = INCLUDE_SOURCE;
				ONLY_ACTIVE_ARCH = YES;
				SDKROOT = macosx;
				SWIFT_ACTIVE_COMPILATION_CONDITIONS = DEBUG $(inherited);
				SWIFT_OPTIMIZATION_LEVEL = -Onone;
			};
			name = Debug;
		};
		C5782E5AB57CF0FE9E2C366C /* Release */ = {
			isa = XCBuildConfiguration;
			buildSettings = {
				ALWAYS_SEARCH_USER_PATHS = NO;
				ASSETCATALOG_COMPILER_GENERATE_SWIFT_ASSET_SYMBOL_EXTENSIONS = YES;
				CLANG_ANALYZER_NONNULL = YES;
				CLANG_ENABLE_MODULES = YES;
				CLANG_ENABLE_OBJC_ARC = YES;
				COPY_PHASE_STRIP = NO;
				DEBUG_INFORMATION_FORMAT = dwarf-with-dsym;
				ENABLE_NS_ASSERTIONS = NO;
				ENABLE_STRICT_OBJC_MSGSEND = YES;
				ENABLE_USER_SCRIPT_SANDBOXING = YES;
				GCC_C_LANGUAGE_STANDARD = gnu17;
				GCC_NO_COMMON_BLOCKS = YES;
				LOCALIZATION_PREFERS_STRING_CATALOGS = YES;
				MTL_ENABLE_DEBUG_INFO = NO;
				SDKROOT = macosx;
				SWIFT_COMPILATION_MODE = wholemodule;
				SWIFT_OPTIMIZATION_LEVEL = -O;
			};
			name = Release;
		};
/* End XCBuildConfiguration section */

/* Begin XCConfigurationList section */
		89A54E574C190A4ED4D1717C /* Build configuration list for PBXNativeTarget "SourceDesk" */ = {
			isa = XCConfigurationList;
			buildConfigurations = (
				0B96469FD556097F19521106 /* Debug */,
				C3788135F68C96A458F5CB04 /* Release */,
			);
			defaultConfigurationIsVisible = 0;
			defaultConfigurationName = Release;
		};
		71DFB675BA78ECAE30626378 /* Build configuration list for PBXNativeTarget "SourceDeskTests" */ = {
			isa = XCConfigurationList;
			buildConfigurations = (
				8A80AAAD65A4A2658F4E3401 /* Debug */,
				C718D353E35772339F38762B /* Release */,
			);
			defaultConfigurationIsVisible = 0;
			defaultConfigurationName = Release;
		};
		461CD6BF02EFBF460B588CEF /* Build configuration list for PBXProject "SourceDesk" */ = {
			isa = XCConfigurationList;
			buildConfigurations = (
				497E268CAC34DA7452AD9D27 /* Debug */,
				C5782E5AB57CF0FE9E2C366C /* Release */,
			);
			defaultConfigurationIsVisible = 0;
			defaultConfigurationName = Release;
		};
/* End XCConfigurationList section */
	};
	rootObject = 244210E48437B6556980A702 /* Project object */;
}