// !$*UTF8*$!
{
	archiveVersion = 1;
	classes = {
	};
	objectVersion = 56;
	objects = {
/* Begin PBXBuildFile section */
		A5CD25B8A656F0757EFDAD35 /* Assets.xcassets in Resources */ = {isa = PBXBuildFile; fileRef = 0BA01DD15559FDA347037969 /* Assets.xcassets */; };
/* End PBXBuildFile section */
/* Begin PBXFileReference section */
		9ECEE60E03DB67B267D7B33F /* AppState.swift in Sources */ = {isa = PBXFileReference; lastKnownFileType = sourcecode.swift; path = SourceDesk/AppState.swift; sourceTree = "<group>"; };
		E8D5DEB6FA6F136110962EE5 /* SourceDeskApp.swift in Sources */ = {isa = PBXFileReference; lastKnownFileType = sourcecode.swift; path = SourceDesk/SourceDeskApp.swift; sourceTree = "<group>"; };
		26D7B6362547432E9BC82C5D /* ChatModels.swift in Sources */ = {isa = PBXFileReference; lastKnownFileType = sourcecode.swift; path = SourceDesk/ChatModels.swift; sourceTree = "<group>"; };
		7DD61D63959FA3AB015AC344 /* NotebookModel.swift in Sources */ = {isa = PBXFileReference; lastKnownFileType = sourcecode.swift; path = SourceDesk/NotebookModel.swift; sourceTree = "<group>"; };
		CDE3DE858AA7D33B3D3CDB3A /* SourceModel.swift in Sources */ = {isa = PBXFileReference; lastKnownFileType = sourcecode.swift; path = SourceDesk/SourceModel.swift; sourceTree = "<group>"; };
		7D19BDCEC91506D0B85C155E /* Types.swift in Sources */ = {isa = PBXFileReference; lastKnownFileType = sourcecode.swift; path = SourceDesk/Types.swift; sourceTree = "<group>"; };
		D8B5D724253FEC1BFA6AF5EF /* AIManager.swift in Sources */ = {isa = PBXFileReference; lastKnownFileType = sourcecode.swift; path = SourceDesk/AIManager.swift; sourceTree = "<group>"; };
		3E7F7B3877BEB8D59F408FEA /* AIProvider.swift in Sources */ = {isa = PBXFileReference; lastKnownFileType = sourcecode.swift; path = SourceDesk/AIProvider.swift; sourceTree = "<group>"; };
		64772CC5105E41563A189C40 /* AnthropicProvider.swift in Sources */ = {isa = PBXFileReference; lastKnownFileType = sourcecode.swift; path = SourceDesk/AnthropicProvider.swift; sourceTree = "<group>"; };
		43D9ECA4F5329A142F430AE5 /* OllamaProvider.swift in Sources */ = {isa = PBXFileReference; lastKnownFileType = sourcecode.swift; path = SourceDesk/OllamaProvider.swift; sourceTree = "<group>"; };
		A45F9997228C7D6DBDC1AC99 /* OpenAIProvider.swift in Sources */ = {isa = PBXFileReference; lastKnownFileType = sourcecode.swift; path = SourceDesk/OpenAIProvider.swift; sourceTree = "<group>"; };
		2FF145A05512E22092F76FED /* DocumentExtractor.swift in Sources */ = {isa = PBXFileReference; lastKnownFileType = sourcecode.swift; path = SourceDesk/DocumentExtractor.swift; sourceTree = "<group>"; };
		CD9D47E5E0F8B07DD227BD31 /* SourceIngestionService.swift in Sources */ = {isa = PBXFileReference; lastKnownFileType = sourcecode.swift; path = SourceDesk/SourceIngestionService.swift; sourceTree = "<group>"; };
		1ACB0F6CC3A1ED5B3C0FFD15 /* WebDownloader.swift in Sources */ = {isa = PBXFileReference; lastKnownFileType = sourcecode.swift; path = SourceDesk/WebDownloader.swift; sourceTree = "<group>"; };
		B2F70E028242CC31CD6F66F0 /* ChunkingService.swift in Sources */ = {isa = PBXFileReference; lastKnownFileType = sourcecode.swift; path = SourceDesk/ChunkingService.swift; sourceTree = "<group>"; };
		F9437D2CD57387C3257D29AA /* RAGPipeline.swift in Sources */ = {isa = PBXFileReference; lastKnownFileType = sourcecode.swift; path = SourceDesk/RAGPipeline.swift; sourceTree = "<group>"; };
		FC89B0B647F4AFF0F219D927 /* VectorMath.swift in Sources */ = {isa = PBXFileReference; lastKnownFileType = sourcecode.swift; path = SourceDesk/VectorMath.swift; sourceTree = "<group>"; };
		641DB31312B22EA7D49C0BD9 /* VectorStore.swift in Sources */ = {isa = PBXFileReference; lastKnownFileType = sourcecode.swift; path = SourceDesk/VectorStore.swift; sourceTree = "<group>"; };
		F098B4A3565FCCA5FDF946C8 /* BraveSearchProvider.swift in Sources */ = {isa = PBXFileReference; lastKnownFileType = sourcecode.swift; path = SourceDesk/BraveSearchProvider.swift; sourceTree = "<group>"; };
		6290872ADEE68CB74B05D45A /* SearchManager.swift in Sources */ = {isa = PBXFileReference; lastKnownFileType = sourcecode.swift; path = SourceDesk/SearchManager.swift; sourceTree = "<group>"; };
		7ED2EFB847D08F24FAB0A43B /* SearchProvider.swift in Sources */ = {isa = PBXFileReference; lastKnownFileType = sourcecode.swift; path = SourceDesk/SearchProvider.swift; sourceTree = "<group>"; };
		0D79B42CD2FB51A6C4885975 /* KeychainService.swift in Sources */ = {isa = PBXFileReference; lastKnownFileType = sourcecode.swift; path = SourceDesk/KeychainService.swift; sourceTree = "<group>"; };
		3DD6FAA92A541CB75C463609 /* NotebookExporter.swift in Sources */ = {isa = PBXFileReference; lastKnownFileType = sourcecode.swift; path = SourceDesk/NotebookExporter.swift; sourceTree = "<group>"; };
		17618439D7249E5225B6756E /* StudyToolsService.swift in Sources */ = {isa = PBXFileReference; lastKnownFileType = sourcecode.swift; path = SourceDesk/StudyToolsService.swift; sourceTree = "<group>"; };
		A63FAF070F2AF3AC29435FA7 /* TextProcessing.swift in Sources */ = {isa = PBXFileReference; lastKnownFileType = sourcecode.swift; path = SourceDesk/TextProcessing.swift; sourceTree = "<group>"; };
		AE65902D12AD2F869E690907 /* ChatViewModel.swift in Sources */ = {isa = PBXFileReference; lastKnownFileType = sourcecode.swift; path = SourceDesk/ChatViewModel.swift; sourceTree = "<group>"; };
		28BEEF7EE88D98BE89594371 /* NotebookViewModel.swift in Sources */ = {isa = PBXFileReference; lastKnownFileType = sourcecode.swift; path = SourceDesk/NotebookViewModel.swift; sourceTree = "<group>"; };
		9876627CB96E79D4003D2B94 /* SourceViewModel.swift in Sources */ = {isa = PBXFileReference; lastKnownFileType = sourcecode.swift; path = SourceDesk/SourceViewModel.swift; sourceTree = "<group>"; };
		63C33CB2F1F6511B12F27033 /* StudyToolsViewModel.swift in Sources */ = {isa = PBXFileReference; lastKnownFileType = sourcecode.swift; path = SourceDesk/StudyToolsViewModel.swift; sourceTree = "<group>"; };
		2A71D3B21EEB9B9D7340A70C /* CenterPanelView.swift in Sources */ = {isa = PBXFileReference; lastKnownFileType = sourcecode.swift; path = SourceDesk/CenterPanelView.swift; sourceTree = "<group>"; };
		1CCC30A47A00AB69F62A5112 /* MessageBubbleView.swift in Sources */ = {isa = PBXFileReference; lastKnownFileType = sourcecode.swift; path = SourceDesk/MessageBubbleView.swift; sourceTree = "<group>"; };
		8D19FC46A27F44C7078484E2 /* ResearchView.swift in Sources */ = {isa = PBXFileReference; lastKnownFileType = sourcecode.swift; path = SourceDesk/ResearchView.swift; sourceTree = "<group>"; };
		7B68CA773E5DB3D3E4FE333C /* ToolbarView.swift in Sources */ = {isa = PBXFileReference; lastKnownFileType = sourcecode.swift; path = SourceDesk/ToolbarView.swift; sourceTree = "<group>"; };
		88868E00CDDC3461902CD3A0 /* ContentView.swift in Sources */ = {isa = PBXFileReference; lastKnownFileType = sourcecode.swift; path = SourceDesk/ContentView.swift; sourceTree = "<group>"; };
		8DBE3864DA1F913D44FC69F6 /* InspectorPanelView.swift in Sources */ = {isa = PBXFileReference; lastKnownFileType = sourcecode.swift; path = SourceDesk/InspectorPanelView.swift; sourceTree = "<group>"; };
		F7E3C5FBA7A72D0C1EB2803B /* NewNotebookSheet.swift in Sources */ = {isa = PBXFileReference; lastKnownFileType = sourcecode.swift; path = SourceDesk/NewNotebookSheet.swift; sourceTree = "<group>"; };
		70CD93EB5A6F9A5D5772772F /* SidebarView.swift in Sources */ = {isa = PBXFileReference; lastKnownFileType = sourcecode.swift; path = SourceDesk/SidebarView.swift; sourceTree = "<group>"; };
		9B4423C28527247788F63449 /* WelcomeView.swift in Sources */ = {isa = PBXFileReference; lastKnownFileType = sourcecode.swift; path = SourceDesk/WelcomeView.swift; sourceTree = "<group>"; };
		BDE650D4D946EE4103C32FEB /* NotesView.swift in Sources */ = {isa = PBXFileReference; lastKnownFileType = sourcecode.swift; path = SourceDesk/NotesView.swift; sourceTree = "<group>"; };
		85644134F1857CBF632C4DF5 /* SettingsView.swift in Sources */ = {isa = PBXFileReference; lastKnownFileType = sourcecode.swift; path = SourceDesk/SettingsView.swift; sourceTree = "<group>"; };
		BC7F0ACDE38D5C902C71E045 /* CommandPaletteView.swift in Sources */ = {isa = PBXFileReference; lastKnownFileType = sourcecode.swift; path = SourceDesk/CommandPaletteView.swift; sourceTree = "<group>"; };
		9FE1BD80FE5CC2AA73CA6CC9 /* AddSourceSheet.swift in Sources */ = {isa = PBXFileReference; lastKnownFileType = sourcecode.swift; path = SourceDesk/AddSourceSheet.swift; sourceTree = "<group>"; };
		7D1F962CA5E42DE6E6F6C92B /* SourceRowView.swift in Sources */ = {isa = PBXFileReference; lastKnownFileType = sourcecode.swift; path = SourceDesk/SourceRowView.swift; sourceTree = "<group>"; };
		98AFD372C8A9A2E8DBD46440 /* SourcesView.swift in Sources */ = {isa = PBXFileReference; lastKnownFileType = sourcecode.swift; path = SourceDesk/SourcesView.swift; sourceTree = "<group>"; };
		123D47F77BFE522DF981DCB5 /* StudyToolsView.swift in Sources */ = {isa = PBXFileReference; lastKnownFileType = sourcecode.swift; path = SourceDesk/StudyToolsView.swift; sourceTree = "<group>"; };
		6898E563CCF38078FB3AD646 /* SourceDeskTests.swift in Sources */ = {isa = PBXFileReference; lastKnownFileType = sourcecode.swift; path = SourceDesk/SourceDeskTests.swift; sourceTree = "<group>"; };
		0BA01DD15559FDA347037969 /* Assets.xcassets */ = {isa = PBXFileReference; lastKnownFileType = folder.assetcatalog; path = "Resources/Assets.xcassets"; sourceTree = "<group>"; };
		EF6E575659BCF44ECB8DA7E1 /* SourceDesk.app */ = {isa = PBXFileReference; explicitFileType = wrapper.application; includeInIndex = 0; path = SourceDesk.app; sourceTree = BUILT_PRODUCTS_DIR; };
		1D7BCEB7A84D81271432542F /* SourceDeskTests.xctest */ = {isa = PBXFileReference; explicitFileType = wrapper.cfbundle; includeInIndex = 0; path = SourceDeskTests.xctest; sourceTree = BUILT_PRODUCTS_DIR; };
/* End PBXFileReference section */

/* Begin PBXGroup section */
		EC6AE75C017423A0C5A951A8 = {
			isa = PBXGroup;
			children = (
				E6C2DC253457C62233149562 /* SourceDesk */,
				72CC7FFE2E592E6B039498C9 /* SourceDeskTests */,
				942A9A1A63793D61082FFAA8 /* Products */,
			);
			sourceTree = "<group>";
		};
		E6C2DC253457C62233149562 = {
			isa = PBXGroup;
			children = (
				9ECEE60E03DB67B267D7B33F /* AppState.swift */,
				E8D5DEB6FA6F136110962EE5 /* SourceDeskApp.swift */,
				26D7B6362547432E9BC82C5D /* ChatModels.swift */,
				7DD61D63959FA3AB015AC344 /* NotebookModel.swift */,
				CDE3DE858AA7D33B3D3CDB3A /* SourceModel.swift */,
				7D19BDCEC91506D0B85C155E /* Types.swift */,
				D8B5D724253FEC1BFA6AF5EF /* AIManager.swift */,
				3E7F7B3877BEB8D59F408FEA /* AIProvider.swift */,
				64772CC5105E41563A189C40 /* AnthropicProvider.swift */,
				43D9ECA4F5329A142F430AE5 /* OllamaProvider.swift */,
				A45F9997228C7D6DBDC1AC99 /* OpenAIProvider.swift */,
				2FF145A05512E22092F76FED /* DocumentExtractor.swift */,
				CD9D47E5E0F8B07DD227BD31 /* SourceIngestionService.swift */,
				1ACB0F6CC3A1ED5B3C0FFD15 /* WebDownloader.swift */,
				B2F70E028242CC31CD6F66F0 /* ChunkingService.swift */,
				F9437D2CD57387C3257D29AA /* RAGPipeline.swift */,
				FC89B0B647F4AFF0F219D927 /* VectorMath.swift */,
				641DB31312B22EA7D49C0BD9 /* VectorStore.swift */,
				F098B4A3565FCCA5FDF946C8 /* BraveSearchProvider.swift */,
				6290872ADEE68CB74B05D45A /* SearchManager.swift */,
				7ED2EFB847D08F24FAB0A43B /* SearchProvider.swift */,
				0D79B42CD2FB51A6C4885975 /* KeychainService.swift */,
				3DD6FAA92A541CB75C463609 /* NotebookExporter.swift */,
				17618439D7249E5225B6756E /* StudyToolsService.swift */,
				A63FAF070F2AF3AC29435FA7 /* TextProcessing.swift */,
				AE65902D12AD2F869E690907 /* ChatViewModel.swift */,
				28BEEF7EE88D98BE89594371 /* NotebookViewModel.swift */,
				9876627CB96E79D4003D2B94 /* SourceViewModel.swift */,
				63C33CB2F1F6511B12F27033 /* StudyToolsViewModel.swift */,
				2A71D3B21EEB9B9D7340A70C /* CenterPanelView.swift */,
				1CCC30A47A00AB69F62A5112 /* MessageBubbleView.swift */,
				8D19FC46A27F44C7078484E2 /* ResearchView.swift */,
				7B68CA773E5DB3D3E4FE333C /* ToolbarView.swift */,
				88868E00CDDC3461902CD3A0 /* ContentView.swift */,
				8DBE3864DA1F913D44FC69F6 /* InspectorPanelView.swift */,
				F7E3C5FBA7A72D0C1EB2803B /* NewNotebookSheet.swift */,
				70CD93EB5A6F9A5D5772772F /* SidebarView.swift */,
				9B4423C28527247788F63449 /* WelcomeView.swift */,
				BDE650D4D946EE4103C32FEB /* NotesView.swift */,
				85644134F1857CBF632C4DF5 /* SettingsView.swift */,
				BC7F0ACDE38D5C902C71E045 /* CommandPaletteView.swift */,
				9FE1BD80FE5CC2AA73CA6CC9 /* AddSourceSheet.swift */,
				7D1F962CA5E42DE6E6F6C92B /* SourceRowView.swift */,
				98AFD372C8A9A2E8DBD46440 /* SourcesView.swift */,
				123D47F77BFE522DF981DCB5 /* StudyToolsView.swift */,
				0BA01DD15559FDA347037969 /* Assets.xcassets */,
			);
			path = SourceDesk;
			sourceTree = "<group>";
		};
		72CC7FFE2E592E6B039498C9 = {
			isa = PBXGroup;
			children = (
				6898E563CCF38078FB3AD646 /* SourceDeskTests.swift */,
			);
			path = SourceDeskTests;
			sourceTree = "<group>";
		};
		942A9A1A63793D61082FFAA8 = {
			isa = PBXGroup;
			children = (
				EF6E575659BCF44ECB8DA7E1 /* SourceDesk.app */,
				1D7BCEB7A84D81271432542F /* SourceDeskTests.xctest */,
			);
			name = Products;
			sourceTree = "<group>";
		};
/* End PBXGroup section */

/* Begin PBXSourcesBuildPhase section */
		C145083382EF1E32B00CB4AA /* Sources */ = {
			isa = PBXSourcesBuildPhase;
			buildActionMask = 2147483647;
			files = (
				9ECEE60E03DB67B267D7B33F /* AppState.swift in Sources */,
				E8D5DEB6FA6F136110962EE5 /* SourceDeskApp.swift in Sources */,
				26D7B6362547432E9BC82C5D /* ChatModels.swift in Sources */,
				7DD61D63959FA3AB015AC344 /* NotebookModel.swift in Sources */,
				CDE3DE858AA7D33B3D3CDB3A /* SourceModel.swift in Sources */,
				7D19BDCEC91506D0B85C155E /* Types.swift in Sources */,
				D8B5D724253FEC1BFA6AF5EF /* AIManager.swift in Sources */,
				3E7F7B3877BEB8D59F408FEA /* AIProvider.swift in Sources */,
				64772CC5105E41563A189C40 /* AnthropicProvider.swift in Sources */,
				43D9ECA4F5329A142F430AE5 /* OllamaProvider.swift in Sources */,
				A45F9997228C7D6DBDC1AC99 /* OpenAIProvider.swift in Sources */,
				2FF145A05512E22092F76FED /* DocumentExtractor.swift in Sources */,
				CD9D47E5E0F8B07DD227BD31 /* SourceIngestionService.swift in Sources */,
				1ACB0F6CC3A1ED5B3C0FFD15 /* WebDownloader.swift in Sources */,
				B2F70E028242CC31CD6F66F0 /* ChunkingService.swift in Sources */,
				F9437D2CD57387C3257D29AA /* RAGPipeline.swift in Sources */,
				FC89B0B647F4AFF0F219D927 /* VectorMath.swift in Sources */,
				641DB31312B22EA7D49C0BD9 /* VectorStore.swift in Sources */,
				F098B4A3565FCCA5FDF946C8 /* BraveSearchProvider.swift in Sources */,
				6290872ADEE68CB74B05D45A /* SearchManager.swift in Sources */,
				7ED2EFB847D08F24FAB0A43B /* SearchProvider.swift in Sources */,
				0D79B42CD2FB51A6C4885975 /* KeychainService.swift in Sources */,
				3DD6FAA92A541CB75C463609 /* NotebookExporter.swift in Sources */,
				17618439D7249E5225B6756E /* StudyToolsService.swift in Sources */,
				A63FAF070F2AF3AC29435FA7 /* TextProcessing.swift in Sources */,
				AE65902D12AD2F869E690907 /* ChatViewModel.swift in Sources */,
				28BEEF7EE88D98BE89594371 /* NotebookViewModel.swift in Sources */,
				9876627CB96E79D4003D2B94 /* SourceViewModel.swift in Sources */,
				63C33CB2F1F6511B12F27033 /* StudyToolsViewModel.swift in Sources */,
				2A71D3B21EEB9B9D7340A70C /* CenterPanelView.swift in Sources */,
				1CCC30A47A00AB69F62A5112 /* MessageBubbleView.swift in Sources */,
				8D19FC46A27F44C7078484E2 /* ResearchView.swift in Sources */,
				7B68CA773E5DB3D3E4FE333C /* ToolbarView.swift in Sources */,
				88868E00CDDC3461902CD3A0 /* ContentView.swift in Sources */,
				8DBE3864DA1F913D44FC69F6 /* InspectorPanelView.swift in Sources */,
				F7E3C5FBA7A72D0C1EB2803B /* NewNotebookSheet.swift in Sources */,
				70CD93EB5A6F9A5D5772772F /* SidebarView.swift in Sources */,
				9B4423C28527247788F63449 /* WelcomeView.swift in Sources */,
				BDE650D4D946EE4103C32FEB /* NotesView.swift in Sources */,
				85644134F1857CBF632C4DF5 /* SettingsView.swift in Sources */,
				BC7F0ACDE38D5C902C71E045 /* CommandPaletteView.swift in Sources */,
				9FE1BD80FE5CC2AA73CA6CC9 /* AddSourceSheet.swift in Sources */,
				7D1F962CA5E42DE6E6F6C92B /* SourceRowView.swift in Sources */,
				98AFD372C8A9A2E8DBD46440 /* SourcesView.swift in Sources */,
				123D47F77BFE522DF981DCB5 /* StudyToolsView.swift in Sources */,

			);
			runOnlyForDeploymentPostprocessing = 0;
		};
		5D16BA42FA4DDC35F92BA89F /* Sources */ = {
			isa = PBXSourcesBuildPhase;
			buildActionMask = 2147483647;
			files = (
				6898E563CCF38078FB3AD646 /* SourceDeskTests.swift in Sources */,

			);
			runOnlyForDeploymentPostprocessing = 0;
		};
/* End PBXSourcesBuildPhase section */
/* Begin PBXFrameworksBuildPhase section */
		26855CADF4FF8D326E9F1822 /* Frameworks */ = {
			isa = PBXFrameworksBuildPhase;
			buildActionMask = 2147483647;
			files = (
			);
			runOnlyForDeploymentPostprocessing = 0;
		};
		3181FDAFCEA5A229E181564F /* Frameworks */ = {
			isa = PBXFrameworksBuildPhase;
			buildActionMask = 2147483647;
			files = (
			);
			runOnlyForDeploymentPostprocessing = 0;
		};
/* End PBXFrameworksBuildPhase section */
/* Begin PBXResourcesBuildPhase section */
		3AF54B037AC780B894A864AA /* Resources */ = {
			isa = PBXResourcesBuildPhase;
			buildActionMask = 2147483647;
			files = (
				A5CD25B8A656F0757EFDAD35 /* Assets.xcassets in Resources */,
			);
			runOnlyForDeploymentPostprocessing = 0;
		};
/* End PBXResourcesBuildPhase section */

/* Begin PBXNativeTarget section */
		CB7FAE16F6AA6B12C280B0E1 /* SourceDesk */ = {
			isa = PBXNativeTarget;
			buildConfigurationList = 89A54E574C190A4ED4D1717C /* Build configuration list for PBXNativeTarget "SourceDesk" */;
			buildPhases = (
				C145083382EF1E32B00CB4AA /* Sources */,
				26855CADF4FF8D326E9F1822 /* Frameworks */,
				3AF54B037AC780B894A864AA /* Resources */,
			);
			buildRules = (
			);
			dependencies = (
			);
			name = SourceDesk;
			productName = SourceDesk;
			productReference = EF6E575659BCF44ECB8DA7E1 /* SourceDesk.app */;
			productType = "com.apple.product-type.application";
		};
		8266701F217A1B009BE1824A /* SourceDeskTests */ = {
			isa = PBXNativeTarget;
			buildConfigurationList = 71DFB675BA78ECAE30626378 /* Build configuration list for PBXNativeTarget "SourceDeskTests" */;
			buildPhases = (
				5D16BA42FA4DDC35F92BA89F /* Sources */,
				3181FDAFCEA5A229E181564F /* Frameworks */,
			);
			buildRules = (
			);
			dependencies = (
				8CE3E71EF8635D2BF27913BB /* PBXTargetDependency */,
			);
			name = SourceDeskTests;
			productName = SourceDeskTests;
			productReference = 1D7BCEB7A84D81271432542F /* SourceDeskTests.xctest */;
			productType = "com.apple.product-type.bundle.unit-test";
		};
/* End PBXNativeTarget section */

/* Begin PBXContainerItemProxy section */
		C6D57881B46AF92BC493B3D2 /* PBXContainerItemProxy */ = {
			isa = PBXContainerItemProxy;
			containerPortal = 244210E48437B6556980A702 /* Project object */;
			proxyType = 1;
			remoteGlobalIDString = CB7FAE16F6AA6B12C280B0E1;
			remoteInfo = SourceDesk;
		};
/* End PBXContainerItemProxy section */
/* Begin PBXTargetDependency section */
		8CE3E71EF8635D2BF27913BB /* PBXTargetDependency */ = {
			isa = PBXTargetDependency;
			target = CB7FAE16F6AA6B12C280B0E1 /* SourceDesk */;
			targetProxy = C6D57881B46AF92BC493B3D2 /* PBXContainerItemProxy */;
		};
/* End PBXTargetDependency section */

/* Begin PBXProject section */
		244210E48437B6556980A702 /* Project object */ = {
			isa = PBXProject;
			attributes = {
				BuildIndependentTargetsInParallel = 1;
				LastSwiftUpdateCheck = 1600;
				LastUpgradeCheck = 1600;
				TargetAttributes = {
					CB7FAE16F6AA6B12C280B0E1 = {
						CreatedOnToolsVersion = 16.0;
					};
					8266701F217A1B009BE1824A = {
						CreatedOnToolsVersion = 16.0;
					};
				};
			};
			buildConfigurationList = 461CD6BF02EFBF460B588CEF /* Build configuration list for PBXProject "SourceDesk" */;
			compatibilityVersion = "Xcode 14.0";
			developmentRegion = en;
			hasScannedForEncodings = 0;
			knownRegions = (
				en,
				Base,
			);
			mainGroup = EC6AE75C017423A0C5A951A8;
			productRefGroup = 942A9A1A63793D61082FFAA8 /* Products */;
			projectDirPath = "";
			projectRoot = "";
			targets = (
				CB7FAE16F6AA6B12C280B0E1 /* SourceDesk */,
				8266701F217A1B009BE1824A /* SourceDeskTests */,
			);
		};
/* End PBXProject section */

/* Begin XCBuildConfiguration section */
		0B96469FD556097F19521106 /* Debug */ = {
			isa = XCBuildConfiguration;
			buildSettings = {
				CODE_SIGN_STYLE = Automatic;
				CURRENT_PROJECT_VERSION = 1;
				GENERATE_INFOPLIST_FILE = YES;
				INFOPLIST_KEY_CFBundleDisplayName = SourceDesk;
				INFOPLIST_KEY_LSApplicationCategoryType = public.app-category.productivity;
				INFOPLIST_KEY_NSHumanReadableCopyright = ;
				MACOSX_DEPLOYMENT_TARGET = 14.0;
				MARKETING_VERSION = 1.0;
				PRODUCT_BUNDLE_IDENTIFIER = com.sourcedesk.app;
				PRODUCT_NAME = $(TARGET_NAME);
				SWIFT_EMIT_LOC_STRINGS = YES;
				SWIFT_VERSION = 5.0;
				ENABLE_HARDENED_RUNTIME = YES;
				ASSETCATALOG_COMPILER_APPICON_NAME = AppIcon;
			};
			name = Debug;
		};
		C3788135F68C96A458F5CB04 /* Release */ = {
			isa = XCBuildConfiguration;
			buildSettings = {
				CODE_SIGN_STYLE = Automatic;
				CURRENT_PROJECT_VERSION = 1;
				GENERATE_INFOPLIST_FILE = YES;
				INFOPLIST_KEY_CFBundleDisplayName = SourceDesk;
				INFOPLIST_KEY_LSApplicationCategoryType = public.app-category.productivity;
				INFOPLIST_KEY_NSHumanReadableCopyright = ;
				MACOSX_DEPLOYMENT_TARGET = 14.0;
				MARKETING_VERSION = 1.0;
				PRODUCT_BUNDLE_IDENTIFIER = com.sourcedesk.app;
				PRODUCT_NAME = $(TARGET_NAME);
				SWIFT_EMIT_LOC_STRINGS = YES;
				SWIFT_VERSION = 5.0;
				ENABLE_HARDENED_RUNTIME = YES;
				SWIFT_COMPILATION_MODE = wholemodule;
				ASSETCATALOG_COMPILER_APPICON_NAME = AppIcon;
			};
			name = Release;
		};
		8A80AAAD65A4A2658F4E3401 /* Debug */ = {
			isa = XCBuildConfiguration;
			buildSettings = {
				BUNDLE_LOADER = $(TEST_HOST);
				CODE_SIGN_STYLE = Automatic;
				CURRENT_PROJECT_VERSION = 1;
				GENERATE_INFOPLIST_FILE = YES;
				MACOSX_DEPLOYMENT_TARGET = 14.0;
				MARKETING_VERSION = 1.0;
				PRODUCT_BUNDLE_IDENTIFIER = com.sourcedesk.app.tests;
				PRODUCT_NAME = $(TARGET_NAME);
				SWIFT_VERSION = 5.0;
				TEST_HOST = $(BUILT_PRODUCTS_DIR)/SourceDesk.app/Contents/MacOS/SourceDesk;
			};
			name = Debug;
		};
		C718D353E35772339F38762B /* Release */ = {
			isa = XCBuildConfiguration;
			buildSettings = {
				BUNDLE_LOADER = $(TEST_HOST);
				CODE_SIGN_STYLE = Automatic;
				CURRENT_PROJECT_VERSION = 1;
				GENERATE_INFOPLIST_FILE = YES;
				MACOSX_DEPLOYMENT_TARGET = 14.0;
				MARKETING_VERSION = 1.0;
				PRODUCT_BUNDLE_IDENTIFIER = com.sourcedesk.app.tests;
				PRODUCT_NAME = $(TARGET_NAME);
				SWIFT_VERSION = 5.0;
				TEST_HOST = $(BUILT_PRODUCTS_DIR)/SourceDesk.app/Contents/MacOS/SourceDesk;
				SWIFT_COMPILATION_MODE = wholemodule;
			};
			name = Release;
		};
		497E268CAC34DA7452AD9D27 /* Debug */ = {
			isa = XCBuildConfiguration;
			buildSettings = {
				ALWAYS_SEARCH_USER_PATHS = NO;
				ASSETCATALOG_COMPILER_GENERATE_SWIFT_ASSET_SYMBOL_EXTENSIONS = YES;
				CLANG_ANALYZER_NONNULL = YES;
				CLANG_ENABLE_MODULES = YES;
				CLANG_ENABLE_OBJC_ARC = YES;
				COPY_PHASE_STRIP = NO;
				DEBUG_INFORMATION_FORMAT = dwarf;
				ENABLE_STRICT_OBJC_MSGSEND = YES;
				ENABLE_TESTABILITY = YES;
				ENABLE_USER_SCRIPT_SANDBOXING = YES;
				GCC_C_LANGUAGE_STANDARD = gnu17;
				GCC_DYNAMIC_NO_PIC = NO;
				GCC_NO_COMMON_BLOCKS = YES;
				GCC_OPTIMIZATION_LEVEL = 0;
				GCC_PREPROCESSOR_DEFINITIONS = "DEBUG=1", $(inherited),;
				LOCALIZATION_PREFERS_STRING_CATALOGS = YES;
				MTL_ENABLE_DEBUG_INFO = INCLUDE_SOURCE;
				ONLY_ACTIVE_ARCH = YES;
				SDKROOT = macosx;
				SWIFT_ACTIVE_COMPILATION_CONDITIONS = DEBUG $(inherited);
				SWIFT_OPTIMIZATION_LEVEL = -Onone;
			};
			name = Debug;
		};
		C5782E5AB57CF0FE9E2C366C /* Release */ = {
			isa = XCBuildConfiguration;
			buildSettings = {
				ALWAYS_SEARCH_USER_PATHS = NO;
				ASSETCATALOG_COMPILER_GENERATE_SWIFT_ASSET_SYMBOL_EXTENSIONS = YES;
				CLANG_ANALYZER_NONNULL = YES;
				CLANG_ENABLE_MODULES = YES;
				CLANG_ENABLE_OBJC_ARC = YES;
				COPY_PHASE_STRIP = NO;
				DEBUG_INFORMATION_FORMAT = dwarf-with-dsym;
				ENABLE_NS_ASSERTIONS = NO;
				ENABLE_STRICT_OBJC_MSGSEND = YES;
				ENABLE_USER_SCRIPT_SANDBOXING = YES;
				GCC_C_LANGUAGE_STANDARD = gnu17;
				GCC_NO_COMMON_BLOCKS = YES;
				LOCALIZATION_PREFERS_STRING_CATALOGS = YES;
				MTL_ENABLE_DEBUG_INFO = NO;
				SDKROOT = macosx;
				SWIFT_COMPILATION_MODE = wholemodule;
				SWIFT_OPTIMIZATION_LEVEL = -O;
			};
			name = Release;
		};
/* End XCBuildConfiguration section */

/* Begin XCConfigurationList section */
		89A54E574C190A4ED4D1717C /* Build configuration list for PBXNativeTarget "SourceDesk" */ = {
			isa = XCConfigurationList;
			buildConfigurations = (
				0B96469FD556097F19521106 /* Debug */,
				C3788135F68C96A458F5CB04 /* Release */,
			);
			defaultConfigurationIsVisible = 0;
			defaultConfigurationName = Release;
		};
		71DFB675BA78ECAE30626378 /* Build configuration list for PBXNativeTarget "SourceDeskTests" */ = {
			isa = XCConfigurationList;
			buildConfigurations = (
				8A80AAAD65A4A2658F4E3401 /* Debug */,
				C718D353E35772339F38762B /* Release */,
			);
			defaultConfigurationIsVisible = 0;
			defaultConfigurationName = Release;
		};
		461CD6BF02EFBF460B588CEF /* Build configuration list for PBXProject "SourceDesk" */ = {
			isa = XCConfigurationList;
			buildConfigurations = (
				497E268CAC34DA7452AD9D27 /* Debug */,
				C5782E5AB57CF0FE9E2C366C /* Release */,
			);
			defaultConfigurationIsVisible = 0;
			defaultConfigurationName = Release;
		};
/* End XCConfigurationList section */
	};
	rootObject = 244210E48437B6556980A702 /* Project object */;
}